{
  "name": "influx_node_ed2",
  "version": "1.0.0",
  "lockfileVersion": 3,
  "requires": true,
  "packages": {
    "": {
      "name": "influx_node_ed2",
      "version": "1.0.0",
      "license": "ISC",
      "dependencies": {
        "@influxdata/influxdb-client": "^1.35.0",
        "@influxdata/influxdb-client-apis": "^1.35.0",
        "dotenv": "^16.4.5"
      },
      "devDependencies": {
        "@types/node": "^22.4.1"
      }
    },
    "node_modules/@influxdata/influxdb-client": {
      "version": "1.35.0",
      "resolved": "https://registry.npmjs.org/@influxdata/influxdb-client/-/influxdb-client-1.35.0.tgz",
      "integrity": "sha512-woWMi8PDpPQpvTsRaUw4Ig+nOGS/CWwAwS66Fa1Vr/EkW+NEwxI8YfPBsdBMn33jK2Y86/qMiiuX/ROHIkJLTw==",
      "license": "MIT"
    },
    "node_modules/@influxdata/influxdb-client-apis": {
      "version": "1.35.0",
      "resolved": "https://registry.npmjs.org/@influxdata/influxdb-client-apis/-/influxdb-client-apis-1.35.0.tgz",
      "integrity": "sha512-+7h6smVPHYBge2rNKgYh/5k+SriYvPMsoJDfbUiQt1vJtpWnElwgBDLDl7Cr6d9XPC+FCI9GP4GQEMv7y8WxdA==",
      "license": "MIT",
      "peerDependencies": {
        "@influxdata/influxdb-client": "*"
      }
    },
    "node_modules/@types/node": {
      "version": "22.4.1",
      "resolved": "https://registry.npmjs.org/@types/node/-/node-22.4.1.tgz",
      "integrity": "sha512-1tbpb9325+gPnKK0dMm+/LMriX0vKxf6RnB0SZUqfyVkQ4fMgUSySqhxE/y8Jvs4NyF1yHzTfG9KlnkIODxPKg==",
      "dev": true,
      "license": "MIT",
      "dependencies": {
        "undici-types": "~6.19.2"
      }
    },
    "node_modules/dotenv": {
      "version": "16.4.5",
      "resolved": "https://registry.npmjs.org/dotenv/-/dotenv-16.4.5.tgz",
      "integrity": "sha512-ZmdL2rui+eB2YwhsWzjInR8LldtZHGDoQ1ugH85ppHKwpUHL7j7rN0Ti9NCnGiQbhaZ11FpR+7ao1dNsmduNUg==",
      "license": "BSD-2-Clause",
      "engines": {
        "node": ">=12"
      },
      "funding": {
        "url": "https://dotenvx.com"
      }
    },
    "node_modules/undici-types": {
      "version": "6.19.8",
      "resolved": "https://registry.npmjs.org/undici-types/-/undici-types-6.19.8.tgz",
      "integrity": "sha512-ve2KP6f/JnbPBFyobGHuerC9g1FYGn/F8n1LWTwNxCEzd6IfqTwUQcNXgEtmmQ6DlRrC1hrSrBnCZPokRrDHjw==",
      "dev": true,
      "license": "MIT"
    }
  }
}
